// !$*UTF8*$!
{
	archiveVersion = 1;
	classes = {
	};
	objectVersion = 50;
	objects = {

/* Begin PBXBuildFile section */
		AB344D9D26D542BA00708F75 /* Squiggle.swift in Sources */ = {isa = PBXBuildFile; fileRef = AB344D9C26D542BA00708F75 /* Squiggle.swift */; };
		AB344DA126D5458800708F75 /* StripView.swift in Sources */ = {isa = PBXBuildFile; fileRef = AB344DA026D5458800708F75 /* StripView.swift */; };
		AB36D28F26D2321000D6589C /* SetGameApp.swift in Sources */ = {isa = PBXBuildFile; fileRef = AB36D28E26D2321000D6589C /* SetGameApp.swift */; };
		AB36D29126D2321000D6589C /* SetGameView.swift in Sources */ = {isa = PBXBuildFile; fileRef = AB36D29026D2321000D6589C /* SetGameView.swift */; };
		AB36D29326D2321500D6589C /* Assets.xcassets in Resources */ = {isa = PBXBuildFile; fileRef = AB36D29226D2321500D6589C /* Assets.xcassets */; };
		AB36D29626D2321500D6589C /* Preview Assets.xcassets in Resources */ = {isa = PBXBuildFile; fileRef = AB36D29526D2321500D6589C /* Preview Assets.xcassets */; };
		AB36D29E26D233B800D6589C /* SetGame.swift in Sources */ = {isa = PBXBuildFile; fileRef = AB36D29D26D233B800D6589C /* SetGame.swift */; };
		AB36D2A026D2364200D6589C /* SetGameViewModel.swift in Sources */ = {isa = PBXBuildFile; fileRef = AB36D29F26D2364200D6589C /* SetGameViewModel.swift */; };
		ABEE390E26D2439A0035BEB8 /* Card.swift in Sources */ = {isa = PBXBuildFile; fileRef = ABEE390D26D2439A0035BEB8 /* Card.swift */; };
		ABEE391026D249D80035BEB8 /* AspectVGrid.swift in Sources */ = {isa = PBXBuildFile; fileRef = ABEE390F26D249D80035BEB8 /* AspectVGrid.swift */; };
		ABEE391226D24D490035BEB8 /* CardView.swift in Sources */ = {isa = PBXBuildFile; fileRef = ABEE391126D24D490035BEB8 /* CardView.swift */; };
		ABEE391426D2577B0035BEB8 /* CardShape.swift in Sources */ = {isa = PBXBuildFile; fileRef = ABEE391326D2577B0035BEB8 /* CardShape.swift */; };
		ABEE391626D27A150035BEB8 /* Diamond.swift in Sources */ = {isa = PBXBuildFile; fileRef = ABEE391526D27A150035BEB8 /* Diamond.swift */; };
/* End PBXBuildFile section */

/* Begin PBXFileReference section */
		AB344D9C26D542BA00708F75 /* Squiggle.swift */ = {isa = PBXFileReference; lastKnownFileType = sourcecode.swift; path = Squiggle.swift; sourceTree = "<group>"; };
		AB344DA026D5458800708F75 /* StripView.swift */ = {isa = PBXFileReference; lastKnownFileType = sourcecode.swift; path = StripView.swift; sourceTree = "<group>"; };
		AB36D28B26D2321000D6589C /* SetGame.app */ = {isa = PBXFileReference; explicitFileType = wrapper.application; includeInIndex = 0; path = SetGame.app; sourceTree = BUILT_PRODUCTS_DIR; };
		AB36D28E26D2321000D6589C /* SetGameApp.swift */ = {isa = PBXFileReference; lastKnownFileType = sourcecode.swift; path = SetGameApp.swift; sourceTree = "<group>"; };
		AB36D29026D2321000D6589C /* SetGameView.swift */ = {isa = PBXFileReference; lastKnownFileType = sourcecode.swift; path = SetGameView.swift; sourceTree = "<group>"; };
		AB36D29226D2321500D6589C /* Assets.xcassets */ = {isa = PBXFileReference; lastKnownFileType = folder.assetcatalog; path = Assets.xcassets; sourceTree = "<group>"; };
		AB36D29526D2321500D6589C /* Preview Assets.xcassets */ = {isa = PBXFileReference; lastKnownFileType = folder.assetcatalog; path = "Preview Assets.xcassets"; sourceTree = "<group>"; };
		AB36D29726D2321500D6589C /* Info.plist */ = {isa = PBXFileReference; lastKnownFileType = text.plist.xml; path = Info.plist; sourceTree = "<group>"; };
		AB36D29D26D233B800D6589C /* SetGame.swift */ = {isa = PBXFileReference; lastKnownFileType = sourcecode.swift; path = SetGame.swift; sourceTree = "<group>"; };
		AB36D29F26D2364200D6589C /* SetGameViewModel.swift */ = {isa = PBXFileReference; lastKnownFileType = sourcecode.swift; path = SetGameViewModel.swift; sourceTree = "<group>"; };
		ABEE390D26D2439A0035BEB8 /* Card.swift */ = {isa = PBXFileReference; lastKnownFileType = sourcecode.swift; path = Card.swift; sourceTree = "<group>"; };
		ABEE390F26D249D80035BEB8 /* AspectVGrid.swift */ = {isa = PBXFileReference; lastKnownFileType = sourcecode.swift; path = AspectVGrid.swift; sourceTree = "<group>"; };
		ABEE391126D24D490035BEB8 /* CardView.swift */ = {isa = PBXFileReference; lastKnownFileType = sourcecode.swift; path = CardView.swift; sourceTree = "<group>"; };
		ABEE391326D2577B0035BEB8 /* CardShape.swift */ = {isa = PBXFileReference; lastKnownFileType = sourcecode.swift; path = CardShape.swift; sourceTree = "<group>"; };
		ABEE391526D27A150035BEB8 /* Diamond.swift */ = {isa = PBXFileReference; lastKnownFileType = sourcecode.swift; path = Diamond.swift; sourceTree = "<group>"; };
/* End PBXFileReference section */

/* Begin PBXFrameworksBuildPhase section */
		AB36D28826D2321000D6589C /* Frameworks */ = {
			isa = PBXFrameworksBuildPhase;
			buildActionMask = 2147483647;
			files = (
			);
			runOnlyForDeploymentPostprocessing = 0;
		};
/* End PBXFrameworksBuildPhase section */

/* Begin PBXGroup section */
		AB344D9B26D52E0D00708F75 /* Model */ = {
			isa = PBXGroup;
			children = (
				AB36D29D26D233B800D6589C /* SetGame.swift */,
				ABEE390D26D2439A0035BEB8 /* Card.swift */,
			);
			path = Model;
			sourceTree = "<group>";
		};
		AB36D28226D2321000D6589C = {
			isa = PBXGroup;
			children = (
				AB36D28D26D2321000D6589C /* SetGame */,
				AB36D28C26D2321000D6589C /* Products */,
			);
			sourceTree = "<group>";
		};
		AB36D28C26D2321000D6589C /* Products */ = {
			isa = PBXGroup;
			children = (
				AB36D28B26D2321000D6589C /* SetGame.app */,
			);
			name = Products;
			sourceTree = "<group>";
		};
		AB36D28D26D2321000D6589C /* SetGame */ = {
			isa = PBXGroup;
			children = (
				AB344D9B26D52E0D00708F75 /* Model */,
				ABEE391726D27B280035BEB8 /* View */,
				AB36D28E26D2321000D6589C /* SetGameApp.swift */,
				AB36D29F26D2364200D6589C /* SetGameViewModel.swift */,
				AB36D29226D2321500D6589C /* Assets.xcassets */,
				AB36D29726D2321500D6589C /* Info.plist */,
				AB36D29426D2321500D6589C /* Preview Content */,
			);
			path = SetGame;
			sourceTree = "<group>";
		};
		AB36D29426D2321500D6589C /* Preview Content */ = {
			isa = PBXGroup;
			children = (
				AB36D29526D2321500D6589C /* Preview Assets.xcassets */,
			);
			path = "Preview Content";
			sourceTree = "<group>";
		};
		ABEE391726D27B280035BEB8 /* View */ = {
			isa = PBXGroup;
			children = (
				AB36D29026D2321000D6589C /* SetGameView.swift */,
				ABEE391126D24D490035BEB8 /* CardView.swift */,
				ABEE391326D2577B0035BEB8 /* CardShape.swift */,
				ABEE391526D27A150035BEB8 /* Diamond.swift */,
				AB344D9C26D542BA00708F75 /* Squiggle.swift */,
				AB344DA026D5458800708F75 /* StripView.swift */,
				ABEE390F26D249D80035BEB8 /* AspectVGrid.swift */,
			);
			path = View;
			sourceTree = "<group>";
		};
/* End PBXGroup section */

/* Begin PBXNativeTarget section */
		AB36D28A26D2321000D6589C /* SetGame */ = {
			isa = PBXNativeTarget;
			buildConfigurationList = AB36D29A26D2321500D6589C /* Build configuration list for PBXNativeTarget "SetGame" */;
			buildPhases = (
				AB36D28726D2321000D6589C /* Sources */,
				AB36D28826D2321000D6589C /* Frameworks */,
				AB36D28926D2321000D6589C /* Resources */,
			);
			buildRules = (
			);
			dependencies = (
			);
			name = SetGame;
			productName = SetGame;
			productReference = AB36D28B26D2321000D6589C /* SetGame.app */;
			productType = "com.apple.product-type.application";
		};
/* End PBXNativeTarget section */

/* Begin PBXProject section */
		AB36D28326D2321000D6589C /* Project object */ = {
			isa = PBXProject;
			attributes = {
				LastSwiftUpdateCheck = 1250;
				LastUpgradeCheck = 1250;
				TargetAttributes = {
					AB36D28A26D2321000D6589C = {
						CreatedOnToolsVersion = 12.5.1;
					};
				};
			};
			buildConfigurationList = AB36D28626D2321000D6589C /* Build configuration list for PBXProject "SetGame" */;
			compatibilityVersion = "Xcode 9.3";
			developmentRegion = en;
			hasScannedForEncodings = 0;
			knownRegions = (
				en,
				Base,
			);
			mainGroup = AB36D28226D2321000D6589C;
			productRefGroup = AB36D28C26D2321000D6589C /* Products */;
			projectDirPath = "";
			projectRoot = "";
			targets = (
				AB36D28A26D2321000D6589C /* SetGame */,
			);
		};
/* End PBXProject section */

/* Begin PBXResourcesBuildPhase section */
		AB36D28926D2321000D6589C /* Resources */ = {
			isa = PBXResourcesBuildPhase;
			buildActionMask = 2147483647;
			files = (
				AB36D29626D2321500D6589C /* Preview Assets.xcassets in Resources */,
				AB36D29326D2321500D6589C /* Assets.xcassets in Resources */,
			);
			runOnlyForDeploymentPostprocessing = 0;
		};
/* End PBXResourcesBuildPhase section */

/* Begin PBXSourcesBuildPhase section */
		AB36D28726D2321000D6589C /* Sources */ = {
			isa = PBXSourcesBuildPhase;
			buildActionMask = 2147483647;
			files = (
				AB344D9D26D542BA00708F75 /* Squiggle.swift in Sources */,
				ABEE391226D24D490035BEB8 /* CardView.swift in Sources */,
				AB36D29126D2321000D6589C /* SetGameView.swift in Sources */,
				ABEE390E26D2439A0035BEB8 /* Card.swift in Sources */,
				ABEE391026D249D80035BEB8 /* AspectVGrid.swift in Sources */,
				AB36D29E26D233B800D6589C /* SetGame.swift in Sources */,
				ABEE391426D2577B0035BEB8 /* CardShape.swift in Sources */,
				ABEE391626D27A150035BEB8 /* Diamond.swift in Sources */,
				AB36D28F26D2321000D6589C /* SetGameApp.swift in Sources */,
				AB344DA126D5458800708F75 /* StripView.swift in Sources */,
				AB36D2A026D2364200D6589C /* SetGameViewModel.swift in Sources */,
			);
			runOnlyForDeploymentPostprocessing = 0;
		};
/* End PBXSourcesBuildPhase section */

/* Begin XCBuildConfiguration section */
		AB36D29826D2321500D6589C /* Debug */ = {
			isa = XCBuildConfiguration;
			buildSettings = {
				ALWAYS_SEARCH_USER_PATHS = NO;
				CLANG_ANALYZER_NONNULL = YES;
				CLANG_ANALYZER_NUMBER_OBJECT_CONVERSION = YES_AGGRESSIVE;
				CLANG_CXX_LANGUAGE_STANDARD = "gnu++14";
				CLANG_CXX_LIBRARY = "libc++";
				CLANG_ENABLE_MODULES = YES;
				CLANG_ENABLE_OBJC_ARC = YES;
				CLANG_ENABLE_OBJC_WEAK = YES;
				CLANG_WARN_BLOCK_CAPTURE_AUTORELEASING = YES;
				CLANG_WARN_BOOL_CONVERSION = YES;
				CLANG_WARN_COMMA = YES;
				CLANG_WARN_CONSTANT_CONVERSION = YES;
				CLANG_WARN_DEPRECATED_OBJC_IMPLEMENTATIONS = YES;
				CLANG_WARN_DIRECT_OBJC_ISA_USAGE = YES_ERROR;
				CLANG_WARN_DOCUMENTATION_COMMENTS = YES;
				CLANG_WARN_EMPTY_BODY = YES;
				CLANG_WARN_ENUM_CONVERSION = YES;
				CLANG_WARN_INFINITE_RECURSION = YES;
				CLANG_WARN_INT_CONVERSION = YES;
				CLANG_WARN_NON_LITERAL_NULL_CONVERSION = YES;
				CLANG_WARN_OBJC_IMPLICIT_RETAIN_SELF = YES;
				CLANG_WARN_OBJC_LITERAL_CONVERSION = YES;
				CLANG_WARN_OBJC_ROOT_CLASS = YES_ERROR;
				CLANG_WARN_QUOTED_INCLUDE_IN_FRAMEWORK_HEADER = YES;
				CLANG_WARN_RANGE_LOOP_ANALYSIS = YES;
				CLANG_WARN_STRICT_PROTOTYPES = YES;
				CLANG_WARN_SUSPICIOUS_MOVE = YES;
				CLANG_WARN_UNGUARDED_AVAILABILITY = YES_AGGRESSIVE;
				CLANG_WARN_UNREACHABLE_CODE = YES;
				CLANG_WARN__DUPLICATE_METHOD_MATCH = YES;
				COPY_PHASE_STRIP = NO;
				DEBUG_INFORMATION_FORMAT = dwarf;
				ENABLE_STRICT_OBJC_MSGSEND = YES;
				ENABLE_TESTABILITY = YES;
				GCC_C_LANGUAGE_STANDARD = gnu11;
				GCC_DYNAMIC_NO_PIC = NO;
				GCC_NO_COMMON_BLOCKS = YES;
				GCC_OPTIMIZATION_LEVEL = 0;
				GCC_PREPROCESSOR_DEFINITIONS = (
					"DEBUG=1",
					"$(inherited)",
				);
				GCC_WARN_64_TO_32_BIT_CONVERSION = YES;
				GCC_WARN_ABOUT_RETURN_TYPE = YES_ERROR;
				GCC_WARN_UNDECLARED_SELECTOR = YES;
				GCC_WARN_UNINITIALIZED_AUTOS = YES_AGGRESSIVE;
				GCC_WARN_UNUSED_FUNCTION = YES;
				GCC_WARN_UNUSED_VARIABLE = YES;
				IPHONEOS_DEPLOYMENT_TARGET = 14.5;
				MTL_ENABLE_DEBUG_INFO = INCLUDE_SOURCE;
				MTL_FAST_MATH = YES;
				ONLY_ACTIVE_ARCH = YES;
				SDKROOT = iphoneos;
				SWIFT_ACTIVE_COMPILATION_CONDITIONS = DEBUG;
				SWIFT_OPTIMIZATION_LEVEL = "-Onone";
			};
			name = Debug;
		};
		AB36D29926D2321500D6589C /* Release */ = {
			isa = XCBuildConfiguration;
			buildSettings = {
				ALWAYS_SEARCH_USER_PATHS = NO;
				CLANG_ANALYZER_NONNULL = YES;
				CLANG_ANALYZER_NUMBER_OBJECT_CONVERSION = YES_AGGRESSIVE;
				CLANG_CXX_LANGUAGE_STANDARD = "gnu++14";
				CLANG_CXX_LIBRARY = "libc++";
				CLANG_ENABLE_MODULES = YES;
				CLANG_ENABLE_OBJC_ARC = YES;
				CLANG_ENABLE_OBJC_WEAK = YES;
				CLANG_WARN_BLOCK_CAPTURE_AUTORELEASING = YES;
				CLANG_WARN_BOOL_CONVERSION = YES;
				CLANG_WARN_COMMA = YES;
				CLANG_WARN_CONSTANT_CONVERSION = YES;
				CLANG_WARN_DEPRECATED_OBJC_IMPLEMENTATIONS = YES;
				CLANG_WARN_DIRECT_OBJC_ISA_USAGE = YES_ERROR;
				CLANG_WARN_DOCUMENTATION_COMMENTS = YES;
				CLANG_WARN_EMPTY_BODY = YES;
				CLANG_WARN_ENUM_CONVERSION = YES;
				CLANG_WARN_INFINITE_RECURSION = YES;
				CLANG_WARN_INT_CONVERSION = YES;
				CLANG_WARN_NON_LITERAL_NULL_CONVERSION = YES;
				CLANG_WARN_OBJC_IMPLICIT_RETAIN_SELF = YES;
				CLANG_WARN_OBJC_LITERAL_CONVERSION = YES;
				CLANG_WARN_OBJC_ROOT_CLASS = YES_ERROR;
				CLANG_WARN_QUOTED_INCLUDE_IN_FRAMEWORK_HEADER = YES;
				CLANG_WARN_RANGE_LOOP_ANALYSIS = YES;
				CLANG_WARN_STRICT_PROTOTYPES = YES;
				CLANG_WARN_SUSPICIOUS_MOVE = YES;
				CLANG_WARN_UNGUARDED_AVAILABILITY = YES_AGGRESSIVE;
				CLANG_WARN_UNREACHABLE_CODE = YES;
				CLANG_WARN__DUPLICATE_METHOD_MATCH = YES;
				COPY_PHASE_STRIP = NO;
				DEBUG_INFORMATION_FORMAT = "dwarf-with-dsym";
				ENABLE_NS_ASSERTIONS = NO;
				ENABLE_STRICT_OBJC_MSGSEND = YES;
				GCC_C_LANGUAGE_STANDARD = gnu11;
				GCC_NO_COMMON_BLOCKS = YES;
				GCC_WARN_64_TO_32_BIT_CONVERSION = YES;
				GCC_WARN_ABOUT_RETURN_TYPE = YES_ERROR;
				GCC_WARN_UNDECLARED_SELECTOR = YES;
				GCC_WARN_UNINITIALIZED_AUTOS = YES_AGGRESSIVE;
				GCC_WARN_UNUSED_FUNCTION = YES;
				GCC_WARN_UNUSED_VARIABLE = YES;
				IPHONEOS_DEPLOYMENT_TARGET = 14.5;
				MTL_ENABLE_DEBUG_INFO = NO;
				MTL_FAST_MATH = YES;
				SDKROOT = iphoneos;
				SWIFT_COMPILATION_MODE = wholemodule;
				SWIFT_OPTIMIZATION_LEVEL = "-O";
				VALIDATE_PRODUCT = YES;
			};
			name = Release;
		};
		AB36D29B26D2321500D6589C /* Debug */ = {
			isa = XCBuildConfiguration;
			buildSettings = {
				ASSETCATALOG_COMPILER_APPICON_NAME = AppIcon;
				ASSETCATALOG_COMPILER_GLOBAL_ACCENT_COLOR_NAME = AccentColor;
				CODE_SIGN_STYLE = Automatic;
				DEVELOPMENT_ASSET_PATHS = "\"SetGame/Preview Content\"";
				DEVELOPMENT_TEAM = EMXU4GKM3N;
				ENABLE_PREVIEWS = YES;
				INFOPLIST_FILE = SetGame/Info.plist;
				IPHONEOS_DEPLOYMENT_TARGET = 14.0;
				LD_RUNPATH_SEARCH_PATHS = (
					"$(inherited)",
					"@executable_path/Frameworks",
				);
				PRODUCT_BUNDLE_IDENTIFIER = com.xfge.SetGame;
				PRODUCT_NAME = "$(TARGET_NAME)";
				SWIFT_VERSION = 5.0;
				TARGETED_DEVICE_FAMILY = "1,2";
			};
			name = Debug;
		};
		AB36D29C26D2321500D6589C /* Release */ = {
			isa = XCBuildConfiguration;
			buildSettings = {
				ASSETCATALOG_COMPILER_APPICON_NAME = AppIcon;
				ASSETCATALOG_COMPILER_GLOBAL_ACCENT_COLOR_NAME = AccentColor;
				CODE_SIGN_STYLE = Automatic;
				DEVELOPMENT_ASSET_PATHS = "\"SetGame/Preview Content\"";
				DEVELOPMENT_TEAM = EMXU4GKM3N;
				ENABLE_PREVIEWS = YES;
				INFOPLIST_FILE = SetGame/Info.plist;
				IPHONEOS_DEPLOYMENT_TARGET = 14.0;
				LD_RUNPATH_SEARCH_PATHS = (
					"$(inherited)",
					"@executable_path/Frameworks",
				);
				PRODUCT_BUNDLE_IDENTIFIER = com.xfge.SetGame;
				PRODUCT_NAME = "$(TARGET_NAME)";
				SWIFT_VERSION = 5.0;
				TARGETED_DEVICE_FAMILY = "1,2";
			};
			name = Release;
		};
/* End XCBuildConfiguration section */

/* Begin XCConfigurationList section */
		AB36D28626D2321000D6589C /* Build configuration list for PBXProject "SetGame" */ = {
			isa = XCConfigurationList;
			buildConfigurations = (
				AB36D29826D2321500D6589C /* Debug */,
				AB36D29926D2321500D6589C /* Release */,
			);
			defaultConfigurationIsVisible = 0;
			defaultConfigurationName = Release;
		};
		AB36D29A26D2321500D6589C /* Build configuration list for PBXNativeTarget "SetGame" */ = {
			isa = XCConfigurationList;
			buildConfigurations = (
				AB36D29B26D2321500D6589C /* Debug */,
				AB36D29C26D2321500D6589C /* Release */,
			);
			defaultConfigurationIsVisible = 0;
			defaultConfigurationName = Release;
		};
/* End XCConfigurationList section */
	};
	rootObject = AB36D28326D2321000D6589C /* Project object */;
}
